{
  "name": "app",
  "lockfileVersion": 3,
  "requires": true,
  "packages": {
    "": {
      "dependencies": {
        "@hono/node-server": "^1.19.10",
        "hono": "^4.12.4"
      },
      "engines": {
        "node": "20.x"
      }
    },
    "node_modules/@hono/node-server": {
      "version": "1.19.10",
      "resolved": "https://registry.npmjs.org/@hono/node-server/-/node-server-1.19.10.tgz",
      "integrity": "sha512-hZ7nOssGqRgyV3FVVQdfi+U4q02uB23bpnYpdvNXkYTRRyWx84b7yf1ans+dnJ/7h41sGL3CeQTfO+ZGxuO+Iw==",
      "license": "MIT",
      "engines": {
        "node": ">=18.14.1"
      },
      "peerDependencies": {
        "hono": "^4"
      }
    },
    "node_modules/hono": {
      "version": "4.12.4",
      "resolved": "https://registry.npmjs.org/hono/-/hono-4.12.4.tgz",
      "integrity": "sha512-ooiZW1Xy8rQ4oELQ++otI2T9DsKpV0M6c6cO6JGx4RTfav9poFFLlet9UMXHZnoM1yG0HWGlQLswBGX3RZmHtg==",
      "license": "MIT",
      "engines": {
        "node": ">=16.9.0"
      }
    }
  }
}
